
Microsoft Visual Studio Solution File, Format Version 12.00
# Visual Studio Version 16
VisualStudioVersion = 16.0.31702.278
MinimumVisualStudioVersion = 10.0.40219.1
Project("{9A19103F-16F7-4668-BE54-9A1E7A4F7556}") = "CinemaApi", "CinemaApi\CinemaApi.csproj", "{2F51785D-AB98-47E1-A716-7B6F28697641}"
EndProject
Project("{9A19103F-16F7-4668-BE54-9A1E7A4F7556}") = "Domain", "Domain\Domain.csproj", "{1B17850E-A4A5-4226-A46B-BF6219E199E1}"
EndProject
Project("{9A19103F-16F7-4668-BE54-9A1E7A4F7556}") = "DomainTest", "DomainTest\DomainTest.csproj", "{EAC77058-60B9-40F1-AD06-35B960C690C8}"
EndProject
Project("{2150E333-8FDC-42A3-9474-1A3956D46DE8}") = "src", "src", "{174AB972-6D44-421C-999B-8912816E550C}"
EndProject
Project("{2150E333-8FDC-42A3-9474-1A3956D46DE8}") = "core", "core", "{BFFA4B8F-41EB-4508-BE11-1D95B7C672E2}"
EndProject
Project("{2150E333-8FDC-42A3-9474-1A3956D46DE8}") = "infrastructure", "infrastructure", "{A8A27828-AE9D-4F9E-8CAC-94BAA200E964}"
EndProject
Project("{9A19103F-16F7-4668-BE54-9A1E7A4F7556}") = "Application", "Application\Application.csproj", "{E1A8B2A6-CB28-41E7-A191-12B768F45070}"
EndProject
Project("{FAE04EC0-301F-11D3-BF4B-00C04F79EFBC}") = "Persistence", "Persistence\Persistence.csproj", "{1E3CEFFA-E629-4D1D-BAAE-266FD53702A7}"
EndProject
Project("{FAE04EC0-301F-11D3-BF4B-00C04F79EFBC}") = "Infrastructure", "Infrastructure\Infrastructure.csproj", "{E0E28ACB-2219-43BA-8988-C54129C13544}"
EndProject
Global
	GlobalSection(SolutionConfigurationPlatforms) = preSolution
		Debug|Any CPU = Debug|Any CPU
		Release|Any CPU = Release|Any CPU
	EndGlobalSection
	GlobalSection(ProjectConfigurationPlatforms) = postSolution
		{2F51785D-AB98-47E1-A716-7B6F28697641}.Debug|Any CPU.ActiveCfg = Debug|Any CPU
		{2F51785D-AB98-47E1-A716-7B6F28697641}.Debug|Any CPU.Build.0 = Debug|Any CPU
		{2F51785D-AB98-47E1-A716-7B6F28697641}.Release|Any CPU.ActiveCfg = Release|Any CPU
		{2F51785D-AB98-47E1-A716-7B6F28697641}.Release|Any CPU.Build.0 = Release|Any CPU
		{1B17850E-A4A5-4226-A46B-BF6219E199E1}.Debug|Any CPU.ActiveCfg = Debug|Any CPU
		{1B17850E-A4A5-4226-A46B-BF6219E199E1}.Debug|Any CPU.Build.0 = Debug|Any CPU
		{1B17850E-A4A5-4226-A46B-BF6219E199E1}.Release|Any CPU.ActiveCfg = Release|Any CPU
		{1B17850E-A4A5-4226-A46B-BF6219E199E1}.Release|Any CPU.Build.0 = Release|Any CPU
		{EAC77058-60B9-40F1-AD06-35B960C690C8}.Debug|Any CPU.ActiveCfg = Debug|Any CPU
		{EAC77058-60B9-40F1-AD06-35B960C690C8}.Debug|Any CPU.Build.0 = Debug|Any CPU
		{EAC77058-60B9-40F1-AD06-35B960C690C8}.Release|Any CPU.ActiveCfg = Release|Any CPU
		{EAC77058-60B9-40F1-AD06-35B960C690C8}.Release|Any CPU.Build.0 = Release|Any CPU
		{E1A8B2A6-CB28-41E7-A191-12B768F45070}.Debug|Any CPU.ActiveCfg = Debug|Any CPU
		{E1A8B2A6-CB28-41E7-A191-12B768F45070}.Debug|Any CPU.Build.0 = Debug|Any CPU
		{E1A8B2A6-CB28-41E7-A191-12B768F45070}.Release|Any CPU.ActiveCfg = Release|Any CPU
		{E1A8B2A6-CB28-41E7-A191-12B768F45070}.Release|Any CPU.Build.0 = Release|Any CPU
		{1E3CEFFA-E629-4D1D-BAAE-266FD53702A7}.Debug|Any CPU.ActiveCfg = Debug|Any CPU
		{1E3CEFFA-E629-4D1D-BAAE-266FD53702A7}.Debug|Any CPU.Build.0 = Debug|Any CPU
		{1E3CEFFA-E629-4D1D-BAAE-266FD53702A7}.Release|Any CPU.ActiveCfg = Release|Any CPU
		{1E3CEFFA-E629-4D1D-BAAE-266FD53702A7}.Release|Any CPU.Build.0 = Release|Any CPU
		{E0E28ACB-2219-43BA-8988-C54129C13544}.Debug|Any CPU.ActiveCfg = Debug|Any CPU
		{E0E28ACB-2219-43BA-8988-C54129C13544}.Debug|Any CPU.Build.0 = Debug|Any CPU
		{E0E28ACB-2219-43BA-8988-C54129C13544}.Release|Any CPU.ActiveCfg = Release|Any CPU
		{E0E28ACB-2219-43BA-8988-C54129C13544}.Release|Any CPU.Build.0 = Release|Any CPU
	EndGlobalSection
	GlobalSection(SolutionProperties) = preSolution
		HideSolutionNode = FALSE
	EndGlobalSection
	GlobalSection(NestedProjects) = preSolution
		{1B17850E-A4A5-4226-A46B-BF6219E199E1} = {BFFA4B8F-41EB-4508-BE11-1D95B7C672E2}
		{EAC77058-60B9-40F1-AD06-35B960C690C8} = {BFFA4B8F-41EB-4508-BE11-1D95B7C672E2}
		{BFFA4B8F-41EB-4508-BE11-1D95B7C672E2} = {174AB972-6D44-421C-999B-8912816E550C}
		{A8A27828-AE9D-4F9E-8CAC-94BAA200E964} = {174AB972-6D44-421C-999B-8912816E550C}
		{E1A8B2A6-CB28-41E7-A191-12B768F45070} = {BFFA4B8F-41EB-4508-BE11-1D95B7C672E2}
		{1E3CEFFA-E629-4D1D-BAAE-266FD53702A7} = {A8A27828-AE9D-4F9E-8CAC-94BAA200E964}
		{E0E28ACB-2219-43BA-8988-C54129C13544} = {A8A27828-AE9D-4F9E-8CAC-94BAA200E964}
	EndGlobalSection
	GlobalSection(ExtensibilityGlobals) = postSolution
		SolutionGuid = {5C8549A8-6C8C-4067-865D-A6AB33336F51}
	EndGlobalSection
EndGlobal
